
Microsoft Visual Studio Solution File, Format Version 12.00
# Visual Studio 15
VisualStudioVersion = 15.0.28307.572
MinimumVisualStudioVersion = 10.0.40219.1
Project("{FAE04EC0-301F-11D3-BF4B-00C04F79EFBC}") = "UberLyft.Android", "UberLyft\UberLyft.Android\UberLyft.Android.csproj", "{56460C55-EF5A-417F-890C-C28515FCE3D3}"
EndProject
Project("{FAE04EC0-301F-11D3-BF4B-00C04F79EFBC}") = "UberLyft.iOS", "UberLyft\UberLyft.iOS\UberLyft.iOS.csproj", "{03E0EB05-D3B3-4E83-B4B4-7B3CACCC489D}"
EndProject
Project("{FAE04EC0-301F-11D3-BF4B-00C04F79EFBC}") = "UberLyft.UWP", "UberLyft\UberLyft.UWP\UberLyft.UWP.csproj", "{1C40EBAC-134C-42DD-940A-D00352BB5530}"
EndProject
Project("{FAE04EC0-301F-11D3-BF4B-00C04F79EFBC}") = "UberLyft", "UberLyft\UberLyft\UberLyft.csproj", "{5FC1CDC0-1D22-4642-BFBF-99C16F63FE0D}"
EndProject
Global
	GlobalSection(SolutionConfigurationPlatforms) = preSolution
		Ad-Hoc|Any CPU = Ad-Hoc|Any CPU
		Ad-Hoc|ARM = Ad-Hoc|ARM
		Ad-Hoc|iPhone = Ad-Hoc|iPhone
		Ad-Hoc|iPhoneSimulator = Ad-Hoc|iPhoneSimulator
		Ad-Hoc|x64 = Ad-Hoc|x64
		Ad-Hoc|x86 = Ad-Hoc|x86
		AppStore|Any CPU = AppStore|Any CPU
		AppStore|ARM = AppStore|ARM
		AppStore|iPhone = AppStore|iPhone
		AppStore|iPhoneSimulator = AppStore|iPhoneSimulator
		AppStore|x64 = AppStore|x64
		AppStore|x86 = AppStore|x86
		Debug|Any CPU = Debug|Any CPU
		Debug|ARM = Debug|ARM
		Debug|iPhone = Debug|iPhone
		Debug|iPhoneSimulator = Debug|iPhoneSimulator
		Debug|x64 = Debug|x64
		Debug|x86 = Debug|x86
		Release|Any CPU = Release|Any CPU
		Release|ARM = Release|ARM
		Release|iPhone = Release|iPhone
		Release|iPhoneSimulator = Release|iPhoneSimulator
		Release|x64 = Release|x64
		Release|x86 = Release|x86
	EndGlobalSection
	GlobalSection(ProjectConfigurationPlatforms) = postSolution
		{56460C55-EF5A-417F-890C-C28515FCE3D3}.Ad-Hoc|Any CPU.ActiveCfg = Release|Any CPU
		{56460C55-EF5A-417F-890C-C28515FCE3D3}.Ad-Hoc|Any CPU.Build.0 = Release|Any CPU
		{56460C55-EF5A-417F-890C-C28515FCE3D3}.Ad-Hoc|Any CPU.Deploy.0 = Release|Any CPU
		{56460C55-EF5A-417F-890C-C28515FCE3D3}.Ad-Hoc|ARM.ActiveCfg = Release|Any CPU
		{56460C55-EF5A-417F-890C-C28515FCE3D3}.Ad-Hoc|ARM.Build.0 = Release|Any CPU
		{56460C55-EF5A-417F-890C-C28515FCE3D3}.Ad-Hoc|ARM.Deploy.0 = Release|Any CPU
		{56460C55-EF5A-417F-890C-C28515FCE3D3}.Ad-Hoc|iPhone.ActiveCfg = Release|Any CPU
		{56460C55-EF5A-417F-890C-C28515FCE3D3}.Ad-Hoc|iPhone.Build.0 = Release|Any CPU
		{56460C55-EF5A-417F-890C-C28515FCE3D3}.Ad-Hoc|iPhone.Deploy.0 = Release|Any CPU
		{56460C55-EF5A-417F-890C-C28515FCE3D3}.Ad-Hoc|iPhoneSimulator.ActiveCfg = Release|Any CPU
		{56460C55-EF5A-417F-890C-C28515FCE3D3}.Ad-Hoc|iPhoneSimulator.Build.0 = Release|Any CPU
		{56460C55-EF5A-417F-890C-C28515FCE3D3}.Ad-Hoc|iPhoneSimulator.Deploy.0 = Release|Any CPU
		{56460C55-EF5A-417F-890C-C28515FCE3D3}.Ad-Hoc|x64.ActiveCfg = Release|Any CPU
		{56460C55-EF5A-417F-890C-C28515FCE3D3}.Ad-Hoc|x64.Build.0 = Release|Any CPU
		{56460C55-EF5A-417F-890C-C28515FCE3D3}.Ad-Hoc|x64.Deploy.0 = Release|Any CPU
		{56460C55-EF5A-417F-890C-C28515FCE3D3}.Ad-Hoc|x86.ActiveCfg = Release|Any CPU
		{56460C55-EF5A-417F-890C-C28515FCE3D3}.Ad-Hoc|x86.Build.0 = Release|Any CPU
		{56460C55-EF5A-417F-890C-C28515FCE3D3}.Ad-Hoc|x86.Deploy.0 = Release|Any CPU
		{56460C55-EF5A-417F-890C-C28515FCE3D3}.AppStore|Any CPU.ActiveCfg = Release|Any CPU
		{56460C55-EF5A-417F-890C-C28515FCE3D3}.AppStore|Any CPU.Build.0 = Release|Any CPU
		{56460C55-EF5A-417F-890C-C28515FCE3D3}.AppStore|Any CPU.Deploy.0 = Release|Any CPU
		{56460C55-EF5A-417F-890C-C28515FCE3D3}.AppStore|ARM.ActiveCfg = Release|Any CPU
		{56460C55-EF5A-417F-890C-C28515FCE3D3}.AppStore|ARM.Build.0 = Release|Any CPU
		{56460C55-EF5A-417F-890C-C28515FCE3D3}.AppStore|ARM.Deploy.0 = Release|Any CPU
		{56460C55-EF5A-417F-890C-C28515FCE3D3}.AppStore|iPhone.ActiveCfg = Release|Any CPU
		{56460C55-EF5A-417F-890C-C28515FCE3D3}.AppStore|iPhone.Build.0 = Release|Any CPU
		{56460C55-EF5A-417F-890C-C28515FCE3D3}.AppStore|iPhone.Deploy.0 = Release|Any CPU
		{56460C55-EF5A-417F-890C-C28515FCE3D3}.AppStore|iPhoneSimulator.ActiveCfg = Release|Any CPU
		{56460C55-EF5A-417F-890C-C28515FCE3D3}.AppStore|iPhoneSimulator.Build.0 = Release|Any CPU
		{56460C55-EF5A-417F-890C-C28515FCE3D3}.AppStore|iPhoneSimulator.Deploy.0 = Release|Any CPU
		{56460C55-EF5A-417F-890C-C28515FCE3D3}.AppStore|x64.ActiveCfg = Release|Any CPU
		{56460C55-EF5A-417F-890C-C28515FCE3D3}.AppStore|x64.Build.0 = Release|Any CPU
		{56460C55-EF5A-417F-890C-C28515FCE3D3}.AppStore|x64.Deploy.0 = Release|Any CPU
		{56460C55-EF5A-417F-890C-C28515FCE3D3}.AppStore|x86.ActiveCfg = Release|Any CPU
		{56460C55-EF5A-417F-890C-C28515FCE3D3}.AppStore|x86.Build.0 = Release|Any CPU
		{56460C55-EF5A-417F-890C-C28515FCE3D3}.AppStore|x86.Deploy.0 = Release|Any CPU
		{56460C55-EF5A-417F-890C-C28515FCE3D3}.Debug|Any CPU.ActiveCfg = Debug|Any CPU
		{56460C55-EF5A-417F-890C-C28515FCE3D3}.Debug|Any CPU.Build.0 = Debug|Any CPU
		{56460C55-EF5A-417F-890C-C28515FCE3D3}.Debug|Any CPU.Deploy.0 = Debug|Any CPU
		{56460C55-EF5A-417F-890C-C28515FCE3D3}.Debug|ARM.ActiveCfg = Debug|Any CPU
		{56460C55-EF5A-417F-890C-C28515FCE3D3}.Debug|ARM.Build.0 = Debug|Any CPU
		{56460C55-EF5A-417F-890C-C28515FCE3D3}.Debug|ARM.Deploy.0 = Debug|Any CPU
		{56460C55-EF5A-417F-890C-C28515FCE3D3}.Debug|iPhone.ActiveCfg = Debug|Any CPU
		{56460C55-EF5A-417F-890C-C28515FCE3D3}.Debug|iPhone.Build.0 = Debug|Any CPU
		{56460C55-EF5A-417F-890C-C28515FCE3D3}.Debug|iPhone.Deploy.0 = Debug|Any CPU
		{56460C55-EF5A-417F-890C-C28515FCE3D3}.Debug|iPhoneSimulator.ActiveCfg = Debug|Any CPU
		{56460C55-EF5A-417F-890C-C28515FCE3D3}.Debug|iPhoneSimulator.Build.0 = Debug|Any CPU
		{56460C55-EF5A-417F-890C-C28515FCE3D3}.Debug|iPhoneSimulator.Deploy.0 = Debug|Any CPU
		{56460C55-EF5A-417F-890C-C28515FCE3D3}.Debug|x64.ActiveCfg = Debug|Any CPU
		{56460C55-EF5A-417F-890C-C28515FCE3D3}.Debug|x64.Build.0 = Debug|Any CPU
		{56460C55-EF5A-417F-890C-C28515FCE3D3}.Debug|x64.Deploy.0 = Debug|Any CPU
		{56460C55-EF5A-417F-890C-C28515FCE3D3}.Debug|x86.ActiveCfg = Debug|Any CPU
		{56460C55-EF5A-417F-890C-C28515FCE3D3}.Debug|x86.Build.0 = Debug|Any CPU
		{56460C55-EF5A-417F-890C-C28515FCE3D3}.Debug|x86.Deploy.0 = Debug|Any CPU
		{56460C55-EF5A-417F-890C-C28515FCE3D3}.Release|Any CPU.ActiveCfg = Release|Any CPU
		{56460C55-EF5A-417F-890C-C28515FCE3D3}.Release|Any CPU.Build.0 = Release|Any CPU
		{56460C55-EF5A-417F-890C-C28515FCE3D3}.Release|Any CPU.Deploy.0 = Release|Any CPU
		{56460C55-EF5A-417F-890C-C28515FCE3D3}.Release|ARM.ActiveCfg = Release|Any CPU
		{56460C55-EF5A-417F-890C-C28515FCE3D3}.Release|ARM.Build.0 = Release|Any CPU
		{56460C55-EF5A-417F-890C-C28515FCE3D3}.Release|ARM.Deploy.0 = Release|Any CPU
		{56460C55-EF5A-417F-890C-C28515FCE3D3}.Release|iPhone.ActiveCfg = Release|Any CPU
		{56460C55-EF5A-417F-890C-C28515FCE3D3}.Release|iPhone.Build.0 = Release|Any CPU
		{56460C55-EF5A-417F-890C-C28515FCE3D3}.Release|iPhone.Deploy.0 = Release|Any CPU
		{56460C55-EF5A-417F-890C-C28515FCE3D3}.Release|iPhoneSimulator.ActiveCfg = Release|Any CPU
		{56460C55-EF5A-417F-890C-C28515FCE3D3}.Release|iPhoneSimulator.Build.0 = Release|Any CPU
		{56460C55-EF5A-417F-890C-C28515FCE3D3}.Release|iPhoneSimulator.Deploy.0 = Release|Any CPU
		{56460C55-EF5A-417F-890C-C28515FCE3D3}.Release|x64.ActiveCfg = Release|Any CPU
		{56460C55-EF5A-417F-890C-C28515FCE3D3}.Release|x64.Build.0 = Release|Any CPU
		{56460C55-EF5A-417F-890C-C28515FCE3D3}.Release|x64.Deploy.0 = Release|Any CPU
		{56460C55-EF5A-417F-890C-C28515FCE3D3}.Release|x86.ActiveCfg = Release|Any CPU
		{56460C55-EF5A-417F-890C-C28515FCE3D3}.Release|x86.Build.0 = Release|Any CPU
		{56460C55-EF5A-417F-890C-C28515FCE3D3}.Release|x86.Deploy.0 = Release|Any CPU
		{03E0EB05-D3B3-4E83-B4B4-7B3CACCC489D}.Ad-Hoc|Any CPU.ActiveCfg = Ad-Hoc|iPhone
		{03E0EB05-D3B3-4E83-B4B4-7B3CACCC489D}.Ad-Hoc|Any CPU.Build.0 = Ad-Hoc|iPhone
		{03E0EB05-D3B3-4E83-B4B4-7B3CACCC489D}.Ad-Hoc|Any CPU.Deploy.0 = Ad-Hoc|iPhone
		{03E0EB05-D3B3-4E83-B4B4-7B3CACCC489D}.Ad-Hoc|ARM.ActiveCfg = Ad-Hoc|iPhone
		{03E0EB05-D3B3-4E83-B4B4-7B3CACCC489D}.Ad-Hoc|ARM.Build.0 = Ad-Hoc|iPhone
		{03E0EB05-D3B3-4E83-B4B4-7B3CACCC489D}.Ad-Hoc|ARM.Deploy.0 = Ad-Hoc|iPhone
		{03E0EB05-D3B3-4E83-B4B4-7B3CACCC489D}.Ad-Hoc|iPhone.ActiveCfg = Ad-Hoc|iPhone
		{03E0EB05-D3B3-4E83-B4B4-7B3CACCC489D}.Ad-Hoc|iPhone.Build.0 = Ad-Hoc|iPhone
		{03E0EB05-D3B3-4E83-B4B4-7B3CACCC489D}.Ad-Hoc|iPhone.Deploy.0 = Ad-Hoc|iPhone
		{03E0EB05-D3B3-4E83-B4B4-7B3CACCC489D}.Ad-Hoc|iPhoneSimulator.ActiveCfg = Ad-Hoc|iPhoneSimulator
		{03E0EB05-D3B3-4E83-B4B4-7B3CACCC489D}.Ad-Hoc|iPhoneSimulator.Build.0 = Ad-Hoc|iPhoneSimulator
		{03E0EB05-D3B3-4E83-B4B4-7B3CACCC489D}.Ad-Hoc|iPhoneSimulator.Deploy.0 = Ad-Hoc|iPhoneSimulator
		{03E0EB05-D3B3-4E83-B4B4-7B3CACCC489D}.Ad-Hoc|x64.ActiveCfg = Ad-Hoc|iPhone
		{03E0EB05-D3B3-4E83-B4B4-7B3CACCC489D}.Ad-Hoc|x64.Build.0 = Ad-Hoc|iPhone
		{03E0EB05-D3B3-4E83-B4B4-7B3CACCC489D}.Ad-Hoc|x64.Deploy.0 = Ad-Hoc|iPhone
		{03E0EB05-D3B3-4E83-B4B4-7B3CACCC489D}.Ad-Hoc|x86.ActiveCfg = Ad-Hoc|iPhone
		{03E0EB05-D3B3-4E83-B4B4-7B3CACCC489D}.Ad-Hoc|x86.Build.0 = Ad-Hoc|iPhone
		{03E0EB05-D3B3-4E83-B4B4-7B3CACCC489D}.Ad-Hoc|x86.Deploy.0 = Ad-Hoc|iPhone
		{03E0EB05-D3B3-4E83-B4B4-7B3CACCC489D}.AppStore|Any CPU.ActiveCfg = AppStore|iPhone
		{03E0EB05-D3B3-4E83-B4B4-7B3CACCC489D}.AppStore|Any CPU.Build.0 = AppStore|iPhone
		{03E0EB05-D3B3-4E83-B4B4-7B3CACCC489D}.AppStore|Any CPU.Deploy.0 = AppStore|iPhone
		{03E0EB05-D3B3-4E83-B4B4-7B3CACCC489D}.AppStore|ARM.ActiveCfg = AppStore|iPhone
		{03E0EB05-D3B3-4E83-B4B4-7B3CACCC489D}.AppStore|ARM.Build.0 = AppStore|iPhone
		{03E0EB05-D3B3-4E83-B4B4-7B3CACCC489D}.AppStore|ARM.Deploy.0 = AppStore|iPhone
		{03E0EB05-D3B3-4E83-B4B4-7B3CACCC489D}.AppStore|iPhone.ActiveCfg = AppStore|iPhone
		{03E0EB05-D3B3-4E83-B4B4-7B3CACCC489D}.AppStore|iPhone.Build.0 = AppStore|iPhone
		{03E0EB05-D3B3-4E83-B4B4-7B3CACCC489D}.AppStore|iPhone.Deploy.0 = AppStore|iPhone
		{03E0EB05-D3B3-4E83-B4B4-7B3CACCC489D}.AppStore|iPhoneSimulator.ActiveCfg = AppStore|iPhoneSimulator
		{03E0EB05-D3B3-4E83-B4B4-7B3CACCC489D}.AppStore|iPhoneSimulator.Build.0 = AppStore|iPhoneSimulator
		{03E0EB05-D3B3-4E83-B4B4-7B3CACCC489D}.AppStore|iPhoneSimulator.Deploy.0 = AppStore|iPhoneSimulator
		{03E0EB05-D3B3-4E83-B4B4-7B3CACCC489D}.AppStore|x64.ActiveCfg = AppStore|iPhone
		{03E0EB05-D3B3-4E83-B4B4-7B3CACCC489D}.AppStore|x64.Build.0 = AppStore|iPhone
		{03E0EB05-D3B3-4E83-B4B4-7B3CACCC489D}.AppStore|x64.Deploy.0 = AppStore|iPhone
		{03E0EB05-D3B3-4E83-B4B4-7B3CACCC489D}.AppStore|x86.ActiveCfg = AppStore|iPhone
		{03E0EB05-D3B3-4E83-B4B4-7B3CACCC489D}.AppStore|x86.Build.0 = AppStore|iPhone
		{03E0EB05-D3B3-4E83-B4B4-7B3CACCC489D}.AppStore|x86.Deploy.0 = AppStore|iPhone
		{03E0EB05-D3B3-4E83-B4B4-7B3CACCC489D}.Debug|Any CPU.ActiveCfg = Debug|iPhoneSimulator
		{03E0EB05-D3B3-4E83-B4B4-7B3CACCC489D}.Debug|Any CPU.Build.0 = Debug|iPhoneSimulator
		{03E0EB05-D3B3-4E83-B4B4-7B3CACCC489D}.Debug|Any CPU.Deploy.0 = Debug|iPhoneSimulator
		{03E0EB05-D3B3-4E83-B4B4-7B3CACCC489D}.Debug|ARM.ActiveCfg = Debug|iPhone
		{03E0EB05-D3B3-4E83-B4B4-7B3CACCC489D}.Debug|ARM.Build.0 = Debug|iPhone
		{03E0EB05-D3B3-4E83-B4B4-7B3CACCC489D}.Debug|ARM.Deploy.0 = Debug|iPhone
		{03E0EB05-D3B3-4E83-B4B4-7B3CACCC489D}.Debug|iPhone.ActiveCfg = Debug|iPhone
		{03E0EB05-D3B3-4E83-B4B4-7B3CACCC489D}.Debug|iPhone.Build.0 = Debug|iPhone
		{03E0EB05-D3B3-4E83-B4B4-7B3CACCC489D}.Debug|iPhone.Deploy.0 = Debug|iPhone
		{03E0EB05-D3B3-4E83-B4B4-7B3CACCC489D}.Debug|iPhoneSimulator.ActiveCfg = Debug|iPhoneSimulator
		{03E0EB05-D3B3-4E83-B4B4-7B3CACCC489D}.Debug|iPhoneSimulator.Build.0 = Debug|iPhoneSimulator
		{03E0EB05-D3B3-4E83-B4B4-7B3CACCC489D}.Debug|iPhoneSimulator.Deploy.0 = Debug|iPhoneSimulator
		{03E0EB05-D3B3-4E83-B4B4-7B3CACCC489D}.Debug|x64.ActiveCfg = Debug|iPhone
		{03E0EB05-D3B3-4E83-B4B4-7B3CACCC489D}.Debug|x64.Build.0 = Debug|iPhone
		{03E0EB05-D3B3-4E83-B4B4-7B3CACCC489D}.Debug|x64.Deploy.0 = Debug|iPhone
		{03E0EB05-D3B3-4E83-B4B4-7B3CACCC489D}.Debug|x86.ActiveCfg = Debug|iPhone
		{03E0EB05-D3B3-4E83-B4B4-7B3CACCC489D}.Debug|x86.Build.0 = Debug|iPhone
		{03E0EB05-D3B3-4E83-B4B4-7B3CACCC489D}.Debug|x86.Deploy.0 = Debug|iPhone
		{03E0EB05-D3B3-4E83-B4B4-7B3CACCC489D}.Release|Any CPU.ActiveCfg = Release|iPhone
		{03E0EB05-D3B3-4E83-B4B4-7B3CACCC489D}.Release|Any CPU.Build.0 = Release|iPhone
		{03E0EB05-D3B3-4E83-B4B4-7B3CACCC489D}.Release|Any CPU.Deploy.0 = Release|iPhone
		{03E0EB05-D3B3-4E83-B4B4-7B3CACCC489D}.Release|ARM.ActiveCfg = Release|iPhone
		{03E0EB05-D3B3-4E83-B4B4-7B3CACCC489D}.Release|ARM.Build.0 = Release|iPhone
		{03E0EB05-D3B3-4E83-B4B4-7B3CACCC489D}.Release|ARM.Deploy.0 = Release|iPhone
		{03E0EB05-D3B3-4E83-B4B4-7B3CACCC489D}.Release|iPhone.ActiveCfg = Release|iPhone
		{03E0EB05-D3B3-4E83-B4B4-7B3CACCC489D}.Release|iPhone.Build.0 = Release|iPhone
		{03E0EB05-D3B3-4E83-B4B4-7B3CACCC489D}.Release|iPhone.Deploy.0 = Release|iPhone
		{03E0EB05-D3B3-4E83-B4B4-7B3CACCC489D}.Release|iPhoneSimulator.ActiveCfg = Release|iPhoneSimulator
		{03E0EB05-D3B3-4E83-B4B4-7B3CACCC489D}.Release|iPhoneSimulator.Build.0 = Release|iPhoneSimulator
		{03E0EB05-D3B3-4E83-B4B4-7B3CACCC489D}.Release|iPhoneSimulator.Deploy.0 = Release|iPhoneSimulator
		{03E0EB05-D3B3-4E83-B4B4-7B3CACCC489D}.Release|x64.ActiveCfg = Release|iPhone
		{03E0EB05-D3B3-4E83-B4B4-7B3CACCC489D}.Release|x64.Build.0 = Release|iPhone
		{03E0EB05-D3B3-4E83-B4B4-7B3CACCC489D}.Release|x64.Deploy.0 = Release|iPhone
		{03E0EB05-D3B3-4E83-B4B4-7B3CACCC489D}.Release|x86.ActiveCfg = Release|iPhone
		{03E0EB05-D3B3-4E83-B4B4-7B3CACCC489D}.Release|x86.Build.0 = Release|iPhone
		{03E0EB05-D3B3-4E83-B4B4-7B3CACCC489D}.Release|x86.Deploy.0 = Release|iPhone
		{1C40EBAC-134C-42DD-940A-D00352BB5530}.Ad-Hoc|Any CPU.ActiveCfg = Release|x86
		{1C40EBAC-134C-42DD-940A-D00352BB5530}.Ad-Hoc|Any CPU.Build.0 = Release|x86
		{1C40EBAC-134C-42DD-940A-D00352BB5530}.Ad-Hoc|Any CPU.Deploy.0 = Release|x86
		{1C40EBAC-134C-42DD-940A-D00352BB5530}.Ad-Hoc|ARM.ActiveCfg = Release|ARM
		{1C40EBAC-134C-42DD-940A-D00352BB5530}.Ad-Hoc|ARM.Build.0 = Release|ARM
		{1C40EBAC-134C-42DD-940A-D00352BB5530}.Ad-Hoc|ARM.Deploy.0 = Release|ARM
		{1C40EBAC-134C-42DD-940A-D00352BB5530}.Ad-Hoc|iPhone.ActiveCfg = Release|x86
		{1C40EBAC-134C-42DD-940A-D00352BB5530}.Ad-Hoc|iPhone.Build.0 = Release|x86
		{1C40EBAC-134C-42DD-940A-D00352BB5530}.Ad-Hoc|iPhone.Deploy.0 = Release|x86
		{1C40EBAC-134C-42DD-940A-D00352BB5530}.Ad-Hoc|iPhoneSimulator.ActiveCfg = Release|x86
		{1C40EBAC-134C-42DD-940A-D00352BB5530}.Ad-Hoc|iPhoneSimulator.Build.0 = Release|x86
		{1C40EBAC-134C-42DD-940A-D00352BB5530}.Ad-Hoc|iPhoneSimulator.Deploy.0 = Release|x86
		{1C40EBAC-134C-42DD-940A-D00352BB5530}.Ad-Hoc|x64.ActiveCfg = Release|x64
		{1C40EBAC-134C-42DD-940A-D00352BB5530}.Ad-Hoc|x64.Build.0 = Release|x64
		{1C40EBAC-134C-42DD-940A-D00352BB5530}.Ad-Hoc|x64.Deploy.0 = Release|x64
		{1C40EBAC-134C-42DD-940A-D00352BB5530}.Ad-Hoc|x86.ActiveCfg = Release|x86
		{1C40EBAC-134C-42DD-940A-D00352BB5530}.Ad-Hoc|x86.Build.0 = Release|x86
		{1C40EBAC-134C-42DD-940A-D00352BB5530}.Ad-Hoc|x86.Deploy.0 = Release|x86
		{1C40EBAC-134C-42DD-940A-D00352BB5530}.AppStore|Any CPU.ActiveCfg = Release|x86
		{1C40EBAC-134C-42DD-940A-D00352BB5530}.AppStore|Any CPU.Build.0 = Release|x86
		{1C40EBAC-134C-42DD-940A-D00352BB5530}.AppStore|Any CPU.Deploy.0 = Release|x86
		{1C40EBAC-134C-42DD-940A-D00352BB5530}.AppStore|ARM.ActiveCfg = Release|ARM
		{1C40EBAC-134C-42DD-940A-D00352BB5530}.AppStore|ARM.Build.0 = Release|ARM
		{1C40EBAC-134C-42DD-940A-D00352BB5530}.AppStore|ARM.Deploy.0 = Release|ARM
		{1C40EBAC-134C-42DD-940A-D00352BB5530}.AppStore|iPhone.ActiveCfg = Release|x86
		{1C40EBAC-134C-42DD-940A-D00352BB5530}.AppStore|iPhone.Build.0 = Release|x86
		{1C40EBAC-134C-42DD-940A-D00352BB5530}.AppStore|iPhone.Deploy.0 = Release|x86
		{1C40EBAC-134C-42DD-940A-D00352BB5530}.AppStore|iPhoneSimulator.ActiveCfg = Release|x86
		{1C40EBAC-134C-42DD-940A-D00352BB5530}.AppStore|iPhoneSimulator.Build.0 = Release|x86
		{1C40EBAC-134C-42DD-940A-D00352BB5530}.AppStore|iPhoneSimulator.Deploy.0 = Release|x86
		{1C40EBAC-134C-42DD-940A-D00352BB5530}.AppStore|x64.ActiveCfg = Release|x64
		{1C40EBAC-134C-42DD-940A-D00352BB5530}.AppStore|x64.Build.0 = Release|x64
		{1C40EBAC-134C-42DD-940A-D00352BB5530}.AppStore|x64.Deploy.0 = Release|x64
		{1C40EBAC-134C-42DD-940A-D00352BB5530}.AppStore|x86.ActiveCfg = Release|x86
		{1C40EBAC-134C-42DD-940A-D00352BB5530}.AppStore|x86.Build.0 = Release|x86
		{1C40EBAC-134C-42DD-940A-D00352BB5530}.AppStore|x86.Deploy.0 = Release|x86
		{1C40EBAC-134C-42DD-940A-D00352BB5530}.Debug|Any CPU.ActiveCfg = Debug|x86
		{1C40EBAC-134C-42DD-940A-D00352BB5530}.Debug|Any CPU.Build.0 = Debug|x86
		{1C40EBAC-134C-42DD-940A-D00352BB5530}.Debug|Any CPU.Deploy.0 = Debug|x86
		{1C40EBAC-134C-42DD-940A-D00352BB5530}.Debug|ARM.ActiveCfg = Debug|ARM
		{1C40EBAC-134C-42DD-940A-D00352BB5530}.Debug|ARM.Build.0 = Debug|ARM
		{1C40EBAC-134C-42DD-940A-D00352BB5530}.Debug|ARM.Deploy.0 = Debug|ARM
		{1C40EBAC-134C-42DD-940A-D00352BB5530}.Debug|iPhone.ActiveCfg = Debug|x86
		{1C40EBAC-134C-42DD-940A-D00352BB5530}.Debug|iPhone.Build.0 = Debug|x86
		{1C40EBAC-134C-42DD-940A-D00352BB5530}.Debug|iPhone.Deploy.0 = Debug|x86
		{1C40EBAC-134C-42DD-940A-D00352BB5530}.Debug|iPhoneSimulator.ActiveCfg = Debug|x86
		{1C40EBAC-134C-42DD-940A-D00352BB5530}.Debug|iPhoneSimulator.Build.0 = Debug|x86
		{1C40EBAC-134C-42DD-940A-D00352BB5530}.Debug|iPhoneSimulator.Deploy.0 = Debug|x86
		{1C40EBAC-134C-42DD-940A-D00352BB5530}.Debug|x64.ActiveCfg = Debug|x64
		{1C40EBAC-134C-42DD-940A-D00352BB5530}.Debug|x64.Build.0 = Debug|x64
		{1C40EBAC-134C-42DD-940A-D00352BB5530}.Debug|x64.Deploy.0 = Debug|x64
		{1C40EBAC-134C-42DD-940A-D00352BB5530}.Debug|x86.ActiveCfg = Debug|x86
		{1C40EBAC-134C-42DD-940A-D00352BB5530}.Debug|x86.Build.0 = Debug|x86
		{1C40EBAC-134C-42DD-940A-D00352BB5530}.Debug|x86.Deploy.0 = Debug|x86
		{1C40EBAC-134C-42DD-940A-D00352BB5530}.Release|Any CPU.ActiveCfg = Release|x86
		{1C40EBAC-134C-42DD-940A-D00352BB5530}.Release|Any CPU.Build.0 = Release|x86
		{1C40EBAC-134C-42DD-940A-D00352BB5530}.Release|Any CPU.Deploy.0 = Release|x86
		{1C40EBAC-134C-42DD-940A-D00352BB5530}.Release|ARM.ActiveCfg = Release|ARM
		{1C40EBAC-134C-42DD-940A-D00352BB5530}.Release|ARM.Build.0 = Release|ARM
		{1C40EBAC-134C-42DD-940A-D00352BB5530}.Release|ARM.Deploy.0 = Release|ARM
		{1C40EBAC-134C-42DD-940A-D00352BB5530}.Release|iPhone.ActiveCfg = Release|x86
		{1C40EBAC-134C-42DD-940A-D00352BB5530}.Release|iPhone.Build.0 = Release|x86
		{1C40EBAC-134C-42DD-940A-D00352BB5530}.Release|iPhone.Deploy.0 = Release|x86
		{1C40EBAC-134C-42DD-940A-D00352BB5530}.Release|iPhoneSimulator.ActiveCfg = Release|x86
		{1C40EBAC-134C-42DD-940A-D00352BB5530}.Release|iPhoneSimulator.Build.0 = Release|x86
		{1C40EBAC-134C-42DD-940A-D00352BB5530}.Release|iPhoneSimulator.Deploy.0 = Release|x86
		{1C40EBAC-134C-42DD-940A-D00352BB5530}.Release|x64.ActiveCfg = Release|x64
		{1C40EBAC-134C-42DD-940A-D00352BB5530}.Release|x64.Build.0 = Release|x64
		{1C40EBAC-134C-42DD-940A-D00352BB5530}.Release|x64.Deploy.0 = Release|x64
		{1C40EBAC-134C-42DD-940A-D00352BB5530}.Release|x86.ActiveCfg = Release|x86
		{1C40EBAC-134C-42DD-940A-D00352BB5530}.Release|x86.Build.0 = Release|x86
		{1C40EBAC-134C-42DD-940A-D00352BB5530}.Release|x86.Deploy.0 = Release|x86
		{5FC1CDC0-1D22-4642-BFBF-99C16F63FE0D}.Ad-Hoc|Any CPU.ActiveCfg = Debug|Any CPU
		{5FC1CDC0-1D22-4642-BFBF-99C16F63FE0D}.Ad-Hoc|Any CPU.Build.0 = Debug|Any CPU
		{5FC1CDC0-1D22-4642-BFBF-99C16F63FE0D}.Ad-Hoc|Any CPU.Deploy.0 = Debug|Any CPU
		{5FC1CDC0-1D22-4642-BFBF-99C16F63FE0D}.Ad-Hoc|ARM.ActiveCfg = Debug|Any CPU
		{5FC1CDC0-1D22-4642-BFBF-99C16F63FE0D}.Ad-Hoc|ARM.Build.0 = Debug|Any CPU
		{5FC1CDC0-1D22-4642-BFBF-99C16F63FE0D}.Ad-Hoc|ARM.Deploy.0 = Debug|Any CPU
		{5FC1CDC0-1D22-4642-BFBF-99C16F63FE0D}.Ad-Hoc|iPhone.ActiveCfg = Debug|Any CPU
		{5FC1CDC0-1D22-4642-BFBF-99C16F63FE0D}.Ad-Hoc|iPhone.Build.0 = Debug|Any CPU
		{5FC1CDC0-1D22-4642-BFBF-99C16F63FE0D}.Ad-Hoc|iPhone.Deploy.0 = Debug|Any CPU
		{5FC1CDC0-1D22-4642-BFBF-99C16F63FE0D}.Ad-Hoc|iPhoneSimulator.ActiveCfg = Debug|Any CPU
		{5FC1CDC0-1D22-4642-BFBF-99C16F63FE0D}.Ad-Hoc|iPhoneSimulator.Build.0 = Debug|Any CPU
		{5FC1CDC0-1D22-4642-BFBF-99C16F63FE0D}.Ad-Hoc|iPhoneSimulator.Deploy.0 = Debug|Any CPU
		{5FC1CDC0-1D22-4642-BFBF-99C16F63FE0D}.Ad-Hoc|x64.ActiveCfg = Debug|Any CPU
		{5FC1CDC0-1D22-4642-BFBF-99C16F63FE0D}.Ad-Hoc|x64.Build.0 = Debug|Any CPU
		{5FC1CDC0-1D22-4642-BFBF-99C16F63FE0D}.Ad-Hoc|x64.Deploy.0 = Debug|Any CPU
		{5FC1CDC0-1D22-4642-BFBF-99C16F63FE0D}.Ad-Hoc|x86.ActiveCfg = Debug|Any CPU
		{5FC1CDC0-1D22-4642-BFBF-99C16F63FE0D}.Ad-Hoc|x86.Build.0 = Debug|Any CPU
		{5FC1CDC0-1D22-4642-BFBF-99C16F63FE0D}.Ad-Hoc|x86.Deploy.0 = Debug|Any CPU
		{5FC1CDC0-1D22-4642-BFBF-99C16F63FE0D}.AppStore|Any CPU.ActiveCfg = Debug|Any CPU
		{5FC1CDC0-1D22-4642-BFBF-99C16F63FE0D}.AppStore|Any CPU.Build.0 = Debug|Any CPU
		{5FC1CDC0-1D22-4642-BFBF-99C16F63FE0D}.AppStore|Any CPU.Deploy.0 = Debug|Any CPU
		{5FC1CDC0-1D22-4642-BFBF-99C16F63FE0D}.AppStore|ARM.ActiveCfg = Debug|Any CPU
		{5FC1CDC0-1D22-4642-BFBF-99C16F63FE0D}.AppStore|ARM.Build.0 = Debug|Any CPU
		{5FC1CDC0-1D22-4642-BFBF-99C16F63FE0D}.AppStore|ARM.Deploy.0 = Debug|Any CPU
		{5FC1CDC0-1D22-4642-BFBF-99C16F63FE0D}.AppStore|iPhone.ActiveCfg = Debug|Any CPU
		{5FC1CDC0-1D22-4642-BFBF-99C16F63FE0D}.AppStore|iPhone.Build.0 = Debug|Any CPU
		{5FC1CDC0-1D22-4642-BFBF-99C16F63FE0D}.AppStore|iPhone.Deploy.0 = Debug|Any CPU
		{5FC1CDC0-1D22-4642-BFBF-99C16F63FE0D}.AppStore|iPhoneSimulator.ActiveCfg = Debug|Any CPU
		{5FC1CDC0-1D22-4642-BFBF-99C16F63FE0D}.AppStore|iPhoneSimulator.Build.0 = Debug|Any CPU
		{5FC1CDC0-1D22-4642-BFBF-99C16F63FE0D}.AppStore|iPhoneSimulator.Deploy.0 = Debug|Any CPU
		{5FC1CDC0-1D22-4642-BFBF-99C16F63FE0D}.AppStore|x64.ActiveCfg = Debug|Any CPU
		{5FC1CDC0-1D22-4642-BFBF-99C16F63FE0D}.AppStore|x64.Build.0 = Debug|Any CPU
		{5FC1CDC0-1D22-4642-BFBF-99C16F63FE0D}.AppStore|x64.Deploy.0 = Debug|Any CPU
		{5FC1CDC0-1D22-4642-BFBF-99C16F63FE0D}.AppStore|x86.ActiveCfg = Debug|Any CPU
		{5FC1CDC0-1D22-4642-BFBF-99C16F63FE0D}.AppStore|x86.Build.0 = Debug|Any CPU
		{5FC1CDC0-1D22-4642-BFBF-99C16F63FE0D}.AppStore|x86.Deploy.0 = Debug|Any CPU
		{5FC1CDC0-1D22-4642-BFBF-99C16F63FE0D}.Debug|Any CPU.ActiveCfg = Debug|Any CPU
		{5FC1CDC0-1D22-4642-BFBF-99C16F63FE0D}.Debug|Any CPU.Build.0 = Debug|Any CPU
		{5FC1CDC0-1D22-4642-BFBF-99C16F63FE0D}.Debug|Any CPU.Deploy.0 = Debug|Any CPU
		{5FC1CDC0-1D22-4642-BFBF-99C16F63FE0D}.Debug|ARM.ActiveCfg = Debug|Any CPU
		{5FC1CDC0-1D22-4642-BFBF-99C16F63FE0D}.Debug|ARM.Build.0 = Debug|Any CPU
		{5FC1CDC0-1D22-4642-BFBF-99C16F63FE0D}.Debug|ARM.Deploy.0 = Debug|Any CPU
		{5FC1CDC0-1D22-4642-BFBF-99C16F63FE0D}.Debug|iPhone.ActiveCfg = Debug|Any CPU
		{5FC1CDC0-1D22-4642-BFBF-99C16F63FE0D}.Debug|iPhone.Build.0 = Debug|Any CPU
		{5FC1CDC0-1D22-4642-BFBF-99C16F63FE0D}.Debug|iPhone.Deploy.0 = Debug|Any CPU
		{5FC1CDC0-1D22-4642-BFBF-99C16F63FE0D}.Debug|iPhoneSimulator.ActiveCfg = Debug|Any CPU
		{5FC1CDC0-1D22-4642-BFBF-99C16F63FE0D}.Debug|iPhoneSimulator.Build.0 = Debug|Any CPU
		{5FC1CDC0-1D22-4642-BFBF-99C16F63FE0D}.Debug|iPhoneSimulator.Deploy.0 = Debug|Any CPU
		{5FC1CDC0-1D22-4642-BFBF-99C16F63FE0D}.Debug|x64.ActiveCfg = Debug|Any CPU
		{5FC1CDC0-1D22-4642-BFBF-99C16F63FE0D}.Debug|x64.Build.0 = Debug|Any CPU
		{5FC1CDC0-1D22-4642-BFBF-99C16F63FE0D}.Debug|x64.Deploy.0 = Debug|Any CPU
		{5FC1CDC0-1D22-4642-BFBF-99C16F63FE0D}.Debug|x86.ActiveCfg = Debug|Any CPU
		{5FC1CDC0-1D22-4642-BFBF-99C16F63FE0D}.Debug|x86.Build.0 = Debug|Any CPU
		{5FC1CDC0-1D22-4642-BFBF-99C16F63FE0D}.Debug|x86.Deploy.0 = Debug|Any CPU
		{5FC1CDC0-1D22-4642-BFBF-99C16F63FE0D}.Release|Any CPU.ActiveCfg = Release|Any CPU
		{5FC1CDC0-1D22-4642-BFBF-99C16F63FE0D}.Release|Any CPU.Build.0 = Release|Any CPU
		{5FC1CDC0-1D22-4642-BFBF-99C16F63FE0D}.Release|Any CPU.Deploy.0 = Release|Any CPU
		{5FC1CDC0-1D22-4642-BFBF-99C16F63FE0D}.Release|ARM.ActiveCfg = Release|Any CPU
		{5FC1CDC0-1D22-4642-BFBF-99C16F63FE0D}.Release|ARM.Build.0 = Release|Any CPU
		{5FC1CDC0-1D22-4642-BFBF-99C16F63FE0D}.Release|ARM.Deploy.0 = Release|Any CPU
		{5FC1CDC0-1D22-4642-BFBF-99C16F63FE0D}.Release|iPhone.ActiveCfg = Release|Any CPU
		{5FC1CDC0-1D22-4642-BFBF-99C16F63FE0D}.Release|iPhone.Build.0 = Release|Any CPU
		{5FC1CDC0-1D22-4642-BFBF-99C16F63FE0D}.Release|iPhone.Deploy.0 = Release|Any CPU
		{5FC1CDC0-1D22-4642-BFBF-99C16F63FE0D}.Release|iPhoneSimulator.ActiveCfg = Release|Any CPU
		{5FC1CDC0-1D22-4642-BFBF-99C16F63FE0D}.Release|iPhoneSimulator.Build.0 = Release|Any CPU
		{5FC1CDC0-1D22-4642-BFBF-99C16F63FE0D}.Release|iPhoneSimulator.Deploy.0 = Release|Any CPU
		{5FC1CDC0-1D22-4642-BFBF-99C16F63FE0D}.Release|x64.ActiveCfg = Release|Any CPU
		{5FC1CDC0-1D22-4642-BFBF-99C16F63FE0D}.Release|x64.Build.0 = Release|Any CPU
		{5FC1CDC0-1D22-4642-BFBF-99C16F63FE0D}.Release|x64.Deploy.0 = Release|Any CPU
		{5FC1CDC0-1D22-4642-BFBF-99C16F63FE0D}.Release|x86.ActiveCfg = Release|Any CPU
		{5FC1CDC0-1D22-4642-BFBF-99C16F63FE0D}.Release|x86.Build.0 = Release|Any CPU
		{5FC1CDC0-1D22-4642-BFBF-99C16F63FE0D}.Release|x86.Deploy.0 = Release|Any CPU
	EndGlobalSection
	GlobalSection(SolutionProperties) = preSolution
		HideSolutionNode = FALSE
	EndGlobalSection
	GlobalSection(ExtensibilityGlobals) = postSolution
		SolutionGuid = {EF7BE4B9-222C-449B-87EB-8447E1DD8E0A}
	EndGlobalSection
EndGlobal
